
Microsoft Visual Studio Solution File, Format Version 12.00
# Visual Studio Version 17
VisualStudioVersion = 17.11.35312.102
MinimumVisualStudioVersion = 10.0.40219.1
Project("{2150E333-8FDC-42A3-9474-1A3956D46DE8}") = "Solution Items", "Solution Items", "{271ABE46-8016-45F8-AEBB-D8B261390057}"
	ProjectSection(SolutionItems) = preProject
		LICENSE = LICENSE
		README.md = README.md
	EndProjectSection
EndProject
Project("{FAE04EC0-301F-11D3-BF4B-00C04F79EFBC}") = "HelloWorldOne", "HelloWorldOne\HelloWorldOne.csproj", "{F17DC35F-972A-44A5-AB8A-E3BDF05E7A22}"
EndProject
Global
	GlobalSection(SolutionConfigurationPlatforms) = preSolution
		Debug|Any CPU = Debug|Any CPU
		Release|Any CPU = Release|Any CPU
	EndGlobalSection
	GlobalSection(ProjectConfigurationPlatforms) = postSolution
		{F17DC35F-972A-44A5-AB8A-E3BDF05E7A22}.Debug|Any CPU.ActiveCfg = Debug|Any CPU
		{F17DC35F-972A-44A5-AB8A-E3BDF05E7A22}.Debug|Any CPU.Build.0 = Debug|Any CPU
		{F17DC35F-972A-44A5-AB8A-E3BDF05E7A22}.Release|Any CPU.ActiveCfg = Release|Any CPU
		{F17DC35F-972A-44A5-AB8A-E3BDF05E7A22}.Release|Any CPU.Build.0 = Release|Any CPU
	EndGlobalSection
	GlobalSection(SolutionProperties) = preSolution
		HideSolutionNode = FALSE
	EndGlobalSection
	GlobalSection(ExtensibilityGlobals) = postSolution
		SolutionGuid = {4E106D11-E683-4C20-9CDC-5DD337F86ACF}
	EndGlobalSection
EndGlobal
